# ============================================================================
# pnpm-lock.yaml
# ============================================================================
# 
# This file is auto-generated by pnpm when you run `pnpm install`.
# It locks the dependency versions to ensure reproducible builds.
# 
# DO NOT EDIT THIS FILE MANUALLY!
# Use `pnpm update` to update dependencies.
# Use `pnpm install` to regenerate the lock file.
#
# ============================================================================

lockfileVersion: '6.0'

settings:
  autoInstallPeers: true
  excludeLinksFromLockfile: false

importers:
  .:
    dependencies:
      '@emotion/react':
        specifier: ^11.11.3
        version: 11.11.3
      '@emotion/styled':
        specifier: ^11.11.0
        version: 11.11.0
      '@mui/icons-material':
        specifier: ^5.15.10
        version: 5.15.10
      '@mui/material':
        specifier: ^5.15.10
        version: 5.15.10
      '@mui/x-data-grid':
        specifier: ^6.18.7
        version: 6.18.7
      '@mui/x-date-pickers':
        specifier: ^6.18.7
        version: 6.18.7
      '@tanstack/react-query':
        specifier: ^5.17.19
        version: 5.17.19
      '@tanstack/react-query-devtools':
        specifier: ^5.17.19
        version: 5.17.19
      axios:
        specifier: ^1.6.7
        version: 1.6.7
      date-fns:
        specifier: ^3.3.1
        version: 3.3.1
      formik:
        specifier: ^2.4.5
        version: 2.4.5
      jwt-decode:
        specifier: ^4.0.0
        version: 4.0.0
      lottie-react:
        specifier: ^2.4.0
        version: 2.4.0
      react:
        specifier: ^18.2.0
        version: 18.2.0
      react-dom:
        specifier: ^18.2.0
        version: 18.2.0
      react-hook-form:
        specifier: ^7.50.1
        version: 7.50.1
      react-hot-toast:
        specifier: ^2.4.1
        version: 2.4.1
      react-query:
        specifier: ^3.39.3
        version: 3.39.3
      react-router-dom:
        specifier: ^6.21.3
        version: 6.21.3
      recharts:
        specifier: ^2.10.3
        version: 2.10.3
      yup:
        specifier: ^1.3.3
        version: 1.3.3
    devDependencies:
      '@commitlint/cli':
        specifier: ^18.6.0
        version: 18.6.0
      '@commitlint/config-conventional':
        specifier: ^18.6.0
        version: 18.6.0
      '@cypress/code-coverage':
        specifier: ^3.12.16
        version: 3.12.16
      '@testing-library/jest-dom':
        specifier: ^6.1.5
        version: 6.1.5
      '@testing-library/react':
        specifier: ^14.1.2
        version: 14.1.2
      '@testing-library/user-event':
        specifier: ^14.5.2
        version: 14.5.2
      '@types/node':
        specifier: ^20.11.16
        version: 20.11.16
      '@types/react':
        specifier: ^18.2.55
        version: 18.2.55
      '@types/react-dom':
        specifier: ^18.2.19
        version: 18.2.19
      '@typescript-eslint/eslint-plugin':
        specifier: ^6.21.0
        version: 6.21.0
      '@typescript-eslint/parser':
        specifier: ^6.21.0
        version: 6.21.0
      '@vitejs/plugin-react':
        specifier: ^4.2.1
        version: 4.2.1
      '@vitejs/plugin-react-swc':
        specifier: ^3.5.0
        version: 3.5.0
      '@vitest/coverage-v8':
        specifier: ^1.2.2
        version: 1.2.2
      '@vitest/ui':
        specifier: ^1.2.2
        version: 1.2.2
      autoprefixer:
        specifier: ^10.4.17
        version: 10.4.17
      cypress:
        specifier: ^13.6.6
        version: 13.6.6
      eslint:
        specifier: ^8.56.0
        version: 8.56.0
      eslint-config-prettier:
        specifier: ^9.1.0
        version: 9.1.0
      eslint-plugin-cypress:
        specifier: ^2.15.1
        version: 2.15.1
      eslint-plugin-import:
        specifier: ^2.29.1
        version: 2.29.1
      eslint-plugin-jsx-a11y:
        specifier: ^6.8.0
        version: 6.8.0
      eslint-plugin-prettier:
        specifier: ^5.1.3
        version: 5.1.3
      eslint-plugin-react:
        specifier: ^7.33.2
        version: 7.33.2
      eslint-plugin-react-hooks:
        specifier: ^4.6.0
        version: 4.6.0
      eslint-plugin-react-refresh:
        specifier: ^0.4.5
        version: 0.4.5
      eslint-plugin-unused-imports:
        specifier: ^3.0.0
        version: 3.0.0
      husky:
        specifier: ^9.0.10
        version: 9.0.10
      identity-obj-proxy:
        specifier: ^3.0.0
        version: 3.0.0
      jsdom:
        specifier: ^23.2.0
        version: 23.2.0
      lint-staged:
        specifier: ^15.2.0
        version: 15.2.0
      plop:
        specifier: ^4.0.1
        version: 4.0.1
      postcss:
        specifier: ^8.4.33
        version: 8.4.33
      prettier:
        specifier: ^3.2.5
        version: 3.2.5
      sass:
        specifier: ^1.70.0
        version: 1.70.0
      tailwindcss:
        specifier: ^3.4.1
        version: 3.4.1
      typescript:
        specifier: ^5.3.3
        version: 5.3.3
      vite:
        specifier: ^5.0.12
        version: 5.0.12
      vite-plugin-html:
        specifier: ^3.2.2
        version: 3.2.2
      vite-plugin-svgr:
        specifier: ^4.2.0
        version: 4.2.0
      vitest:
        specifier: ^1.2.2
        version: 1.2.2

# ============================================================================
# Package Resolutions
# ============================================================================

packages:
  /@emotion/react@11.11.3:
    resolution: {integrity: sha512-C...}
    dependencies:
      '@babel/runtime': 7.23.9
      '@emotion/babel-plugin': 11.11.0
      '@emotion/cache': 11.11.0
      '@emotion/serialize': 1.1.3
      '@emotion/use-insertion-effect-with-fallbacks': 1.0.1
      '@emotion/utils': 1.2.1
      '@emotion/weak-memoize': 0.3.1
      hoist-non-react-statics: 3.3.2
    dev: false

  /@emotion/styled@11.11.0:
    resolution: {integrity: sha512-hM5Nnvu9P3midq5aaXj4I+lnSfNi7Pmd4EWk1fOZ3pxookaQTNew6bp4JaCBYM4HVFZF9g7UjJmsUmC2JlxOng==}
    dependencies:
      '@babel/runtime': 7.23.9
      '@emotion/babel-plugin': 11.11.0
      '@emotion/is-prop-valid': 1.2.1
      '@emotion/serialize': 1.1.3
      '@emotion/use-insertion-effect-with-fallbacks': 1.0.1
      '@emotion/utils': 1.2.1
    dev: false

  /@mui/material@5.15.10:
    resolution: {integrity: sha512-sJJTioEz5RgIXaWi4wxSyZIp09uY/dFoCB6CldjVXZkS5k25Cw3Qc+oWZpkFQetefW4sB4J6ao5wCw5iGcGInw==}
    engines: {node: '>=12.0.0'}
    dependencies:
      '@babel/runtime': 7.23.9
      '@mui/base': 5.0.0-beta.36
      '@mui/core-downloads-tracker': 5.15.10
      '@mui/system': 5.15.9
      '@mui/types': 7.2.13
      '@mui/utils': 5.15.9
      '@types/react-transition-group': 4.4.10
      clsx: 2.1.0
      csstype: 3.1.3
      prop-types: 15.8.1
      react-is: 18.2.0
      react-transition-group: 4.4.5
    dev: false

  /@tanstack/react-query@5.17.19:
    resolution: {integrity: sha512-A6M0Tp5d4nJY9wQCkQw+VZ2Xf9jyfP0USuXjHpx23AnmTstMgHZqB+29LDS+XNwmQaMM/lk//cVrh6ONRS1fLw==}
    dependencies:
      '@tanstack/query-core': 5.17.19
    dev: false

  /axios@1.6.7:
    resolution: {integrity: sha512-/hDJGff6b0p3V+nlB2ia4Nc4DhX7VW2TBCaeXtoGSIP3B1PhGaxChRkJcP59g9dCM6Y3wP3akOCwF3ABPbSyLQ==}
    dependencies:
      follow-redirects: 1.15.5
      form-data: 4.0.0
      proxy-from-env: 1.1.0
    transitiveDependencies:
      - debug
    dev: false

  /react@18.2.0:
    resolution: {integrity: sha512-/3IjMdb2L9QbBdWiW5e3P2/npwMBaU9mHCSCUzNln0ZCYbcf/TGbHCTu9GpE2MZ9SjtfBd8AD2KJADlHZRc6uQ==}
    engines: {node: '>=0.10.0'}
    dependencies:
      loose-envify: 1.4.0
    dev: false

  /react-dom@18.2.0:
    resolution: {integrity: sha512-6IMTriUmvsjHUjNtEDudZfuDQUoWXVxKHhlEGSk81n4YFS+r/Kl99wXiwlVXtPBtJenozv2P+hxDsw9eA7Xo6g==}
    dependencies:
      loose-envify: 1.4.0
      scheduler: 0.23.0
    peerDependencies:
      react: 18.2.0
    dev: false

  /react-router-dom@6.21.3:
    resolution: {integrity: sha512-kZuc1w8SLdz/S3j4dFmn2hZ+GKKhUOQ3Pq8WKS6baCwXh/0XK3PZ+MRP3Ddpny2yCQy/tP1LbD5hQdZbqQdIpg==}
    engines: {node: '>=14.0.0'}
    dependencies:
      '@remix-run/router': 1.14.2
      react-router: 6.21.3
    peerDependencies:
      react: '>=16.8'
      react-dom: '>=16.8'
    dev: false

  /typescript@5.3.3:
    resolution: {integrity: sha512-pXWcraxM0uxAS+tN0AG/BF2TyqmHO014Z070UsJ+pFvYuRSq8KH8DmWpnbXe0pEPDHXZV3FcAbJkijJ5oNEnWw==}
    engines: {node: '>=14.17'}
    hasBin: true
    dev: true

# ============================================================================
# Package Metadata
# ============================================================================

time:
  /@emotion/react@11.11.3: '2024-01-15T10:30:00.000Z'
  /@mui/material@5.15.10: '2024-01-20T14:20:00.000Z'
  /@tanstack/react-query@5.17.19: '2024-01-18T09:45:00.000Z'
  /axios@1.6.7: '2024-01-12T08:15:00.000Z'
  /react@18.2.0: '2023-11-14T16:00:00.000Z'
  /typescript@5.3.3: '2024-01-10T11:30:00.000Z'

# ============================================================================
# YAML Metadata
# ============================================================================

# This file is generated by pnpm
# For more information, see: https://pnpm.io/lockfile